{
  "originHash" : "167d7365d24dde7d9782171071637c4289b70cc589ef8afd903e9f103b5ca484",
  "pins" : [
    {
      "identity" : "capacitor-swift-pm",
      "kind" : "remoteSourceControl",
      "location" : "https://github.com/ionic-team/capacitor-swift-pm.git",
      "state" : {
        "revision" : "eb9a900023fe46671fc3d6f6761cbecc910345f7",
        "version" : "7.4.3"
      }
    }
  ],
  "version" : 3
}
