{
  "originHash" : "167d7365d24dde7d9782171071637c4289b70cc589ef8afd903e9f103b5ca484",
  "pins" : [
    {
      "identity" : "capacitor-swift-pm",
      "kind" : "remoteSourceControl",
      "location" : "https://github.com/ionic-team/capacitor-swift-pm.git",
      "state" : {
        "revision" : "aa5713389a96b9f9c30e73c15d326ab2b0c258d2",
        "version" : "7.6.5"
      }
    }
  ],
  "version" : 3
}
