{
  "originHash" : "167d7365d24dde7d9782171071637c4289b70cc589ef8afd903e9f103b5ca484",
  "pins" : [
    {
      "identity" : "capacitor-swift-pm",
      "kind" : "remoteSourceControl",
      "location" : "https://github.com/ionic-team/capacitor-swift-pm.git",
      "state" : {
        "revision" : "3ead36c2c7306e4716825054df1cce28e78a322f",
        "version" : "7.6.4"
      }
    }
  ],
  "version" : 3
}
